github.com/Netflix/go-env v0.1.2 h1:0DRoLR9lECQ9Zqvkswuebm3jJ/2enaDX6Ei8/Z+EnK0=
github.com/Netflix/go-env v0.1.2/go.mod h1:WlIhYi++8FlKNJtrop1mjXYAJMzv1f43K4MqCoh0yGE=
golang.org/x/crypto v0.37.0 h1:kJNSjF/Xp7kU0iB2Z+9viTPMW4EqqsrywMXLJOOsXSE=
golang.org/x/crypto v0.37.0/go.mod h1:vg+k43peMZ0pUMhYmVAWysMK35e6ioLh3wB8ZCAfbVc=
